
Microsoft Visual Studio Solution File, Format Version 12.00
# Visual Studio Version 16
VisualStudioVersion = 16.0.30804.86
MinimumVisualStudioVersion = 10.0.40219.1
Project("{FAE04EC0-301F-11D3-BF4B-00C04F79EFBC}") = "APImimic", "APImimic\APImimic.csproj", "{5404AA10-BF35-4319-9315-1200C3F1EE1D}"
EndProject
Global
	GlobalSection(SolutionConfigurationPlatforms) = preSolution
		Debug|Any CPU = Debug|Any CPU
		Release|Any CPU = Release|Any CPU
	EndGlobalSection
	GlobalSection(ProjectConfigurationPlatforms) = postSolution
		{5404AA10-BF35-4319-9315-1200C3F1EE1D}.Debug|Any CPU.ActiveCfg = Debug|Any CPU
		{5404AA10-BF35-4319-9315-1200C3F1EE1D}.Debug|Any CPU.Build.0 = Debug|Any CPU
		{5404AA10-BF35-4319-9315-1200C3F1EE1D}.Release|Any CPU.ActiveCfg = Release|Any CPU
		{5404AA10-BF35-4319-9315-1200C3F1EE1D}.Release|Any CPU.Build.0 = Release|Any CPU
	EndGlobalSection
	GlobalSection(SolutionProperties) = preSolution
		HideSolutionNode = FALSE
	EndGlobalSection
	GlobalSection(ExtensibilityGlobals) = postSolution
		SolutionGuid = {210AE107-CD52-4B22-B68D-3CE9FC10D4BD}
	EndGlobalSection
EndGlobal
